
Microsoft Visual Studio Solution File, Format Version 12.00
# Visual Studio Version 17
VisualStudioVersion = 17.4.33122.133
MinimumVisualStudioVersion = 10.0.40219.1
Project("{FAE04EC0-301F-11D3-BF4B-00C04F79EFBC}") = "FutureFridgesCW", "FutureFridgesCW.csproj", "{FFCFC2AE-EB4F-469B-BF40-EE9A8F287BD7}"
EndProject
Global
	GlobalSection(SolutionConfigurationPlatforms) = preSolution
		Debug|Any CPU = Debug|Any CPU
		Release|Any CPU = Release|Any CPU
	EndGlobalSection
	GlobalSection(ProjectConfigurationPlatforms) = postSolution
		{FFCFC2AE-EB4F-469B-BF40-EE9A8F287BD7}.Debug|Any CPU.ActiveCfg = Debug|Any CPU
		{FFCFC2AE-EB4F-469B-BF40-EE9A8F287BD7}.Debug|Any CPU.Build.0 = Debug|Any CPU
		{FFCFC2AE-EB4F-469B-BF40-EE9A8F287BD7}.Release|Any CPU.ActiveCfg = Release|Any CPU
		{FFCFC2AE-EB4F-469B-BF40-EE9A8F287BD7}.Release|Any CPU.Build.0 = Release|Any CPU
	EndGlobalSection
	GlobalSection(SolutionProperties) = preSolution
		HideSolutionNode = FALSE
	EndGlobalSection
	GlobalSection(ExtensibilityGlobals) = postSolution
		SolutionGuid = {E009CDA6-431F-4821-9EA7-D32F434ABDB7}
	EndGlobalSection
EndGlobal
